// !$*UTF8*$!
{
	archiveVersion = 1;
	classes = {
	};
	objectVersion = 46;
	objects = {

/* Begin PBXBuildFile section */
		225A851B1B24C5D100A21249 /* main.m in Sources */ = {isa = PBXBuildFile; fileRef = 225A851A1B24C5D100A21249 /* main.m */; };
		225A851E1B24C5D100A21249 /* AppDelegate.m in Sources */ = {isa = PBXBuildFile; fileRef = 225A851D1B24C5D100A21249 /* AppDelegate.m */; };
		225A85211B24C5D100A21249 /* ViewController.m in Sources */ = {isa = PBXBuildFile; fileRef = 225A85201B24C5D100A21249 /* ViewController.m */; };
		225A85241B24C5D100A21249 /* Main.storyboard in Resources */ = {isa = PBXBuildFile; fileRef = 225A85221B24C5D100A21249 /* Main.storyboard */; };
		225A85261B24C5D100A21249 /* Images.xcassets in Resources */ = {isa = PBXBuildFile; fileRef = 225A85251B24C5D100A21249 /* Images.xcassets */; };
		225A85291B24C5D100A21249 /* LaunchScreen.xib in Resources */ = {isa = PBXBuildFile; fileRef = 225A85271B24C5D100A21249 /* LaunchScreen.xib */; };
		225A85351B24C5D100A21249 /* madLibsTests.m in Sources */ = {isa = PBXBuildFile; fileRef = 225A85341B24C5D100A21249 /* madLibsTests.m */; };
/* End PBXBuildFile section */

/* Begin PBXContainerItemProxy section */
		225A852F1B24C5D100A21249 /* PBXContainerItemProxy */ = {
			isa = PBXContainerItemProxy;
			containerPortal = 225A850D1B24C5D100A21249 /* Project object */;
			proxyType = 1;
			remoteGlobalIDString = 225A85141B24C5D100A21249;
			remoteInfo = madLibs;
		};
/* End PBXContainerItemProxy section */

/* Begin PBXFileReference section */
		225A85151B24C5D100A21249 /* madLibs.app */ = {isa = PBXFileReference; explicitFileType = wrapper.application; includeInIndex = 0; path = madLibs.app; sourceTree = BUILT_PRODUCTS_DIR; };
		225A85191B24C5D100A21249 /* Info.plist */ = {isa = PBXFileReference; lastKnownFileType = text.plist.xml; path = Info.plist; sourceTree = "<group>"; };
		225A851A1B24C5D100A21249 /* main.m */ = {isa = PBXFileReference; lastKnownFileType = sourcecode.c.objc; path = main.m; sourceTree = "<group>"; };
		225A851C1B24C5D100A21249 /* AppDelegate.h */ = {isa = PBXFileReference; lastKnownFileType = sourcecode.c.h; path = AppDelegate.h; sourceTree = "<group>"; };
		225A851D1B24C5D100A21249 /* AppDelegate.m */ = {isa = PBXFileReference; lastKnownFileType = sourcecode.c.objc; path = AppDelegate.m; sourceTree = "<group>"; };
		225A851F1B24C5D100A21249 /* ViewController.h */ = {isa = PBXFileReference; lastKnownFileType = sourcecode.c.h; path = ViewController.h; sourceTree = "<group>"; };
		225A85201B24C5D100A21249 /* ViewController.m */ = {isa = PBXFileReference; lastKnownFileType = sourcecode.c.objc; path = ViewController.m; sourceTree = "<group>"; };
		225A85231B24C5D100A21249 /* Base */ = {isa = PBXFileReference; lastKnownFileType = file.storyboard; name = Base; path = Base.lproj/Main.storyboard; sourceTree = "<group>"; };
		225A85251B24C5D100A21249 /* Images.xcassets */ = {isa = PBXFileReference; lastKnownFileType = folder.assetcatalog; path = Images.xcassets; sourceTree = "<group>"; };
		225A85281B24C5D100A21249 /* Base */ = {isa = PBXFileReference; lastKnownFileType = file.xib; name = Base; path = Base.lproj/LaunchScreen.xib; sourceTree = "<group>"; };
		225A852E1B24C5D100A21249 /* madLibsTests.xctest */ = {isa = PBXFileReference; explicitFileType = wrapper.cfbundle; includeInIndex = 0; path = madLibsTests.xctest; sourceTree = BUILT_PRODUCTS_DIR; };
		225A85331B24C5D100A21249 /* Info.plist */ = {isa = PBXFileReference; lastKnownFileType = text.plist.xml; path = Info.plist; sourceTree = "<group>"; };
		225A85341B24C5D100A21249 /* madLibsTests.m */ = {isa = PBXFileReference; lastKnownFileType = sourcecode.c.objc; path = madLibsTests.m; sourceTree = "<group>"; };
/* End PBXFileReference section */

/* Begin PBXFrameworksBuildPhase section */
		225A85121B24C5D100A21249 /* Frameworks */ = {
			isa = PBXFrameworksBuildPhase;
			buildActionMask = 2147483647;
			files = (
			);
			runOnlyForDeploymentPostprocessing = 0;
		};
		225A852B1B24C5D100A21249 /* Frameworks */ = {
			isa = PBXFrameworksBuildPhase;
			buildActionMask = 2147483647;
			files = (
			);
			runOnlyForDeploymentPostprocessing = 0;
		};
/* End PBXFrameworksBuildPhase section */

/* Begin PBXGroup section */
		225A850C1B24C5D100A21249 = {
			isa = PBXGroup;
			children = (
				225A85171B24C5D100A21249 /* madLibs */,
				225A85311B24C5D100A21249 /* madLibsTests */,
				225A85161B24C5D100A21249 /* Products */,
			);
			sourceTree = "<group>";
		};
		225A85161B24C5D100A21249 /* Products */ = {
			isa = PBXGroup;
			children = (
				225A85151B24C5D100A21249 /* madLibs.app */,
				225A852E1B24C5D100A21249 /* madLibsTests.xctest */,
			);
			name = Products;
			sourceTree = "<group>";
		};
		225A85171B24C5D100A21249 /* madLibs */ = {
			isa = PBXGroup;
			children = (
				225A851C1B24C5D100A21249 /* AppDelegate.h */,
				225A851D1B24C5D100A21249 /* AppDelegate.m */,
				225A851F1B24C5D100A21249 /* ViewController.h */,
				225A85201B24C5D100A21249 /* ViewController.m */,
				225A85221B24C5D100A21249 /* Main.storyboard */,
				225A85251B24C5D100A21249 /* Images.xcassets */,
				225A85271B24C5D100A21249 /* LaunchScreen.xib */,
				225A85181B24C5D100A21249 /* Supporting Files */,
			);
			path = madLibs;
			sourceTree = "<group>";
		};
		225A85181B24C5D100A21249 /* Supporting Files */ = {
			isa = PBXGroup;
			children = (
				225A85191B24C5D100A21249 /* Info.plist */,
				225A851A1B24C5D100A21249 /* main.m */,
			);
			name = "Supporting Files";
			sourceTree = "<group>";
		};
		225A85311B24C5D100A21249 /* madLibsTests */ = {
			isa = PBXGroup;
			children = (
				225A85341B24C5D100A21249 /* madLibsTests.m */,
				225A85321B24C5D100A21249 /* Supporting Files */,
			);
			path = madLibsTests;
			sourceTree = "<group>";
		};
		225A85321B24C5D100A21249 /* Supporting Files */ = {
			isa = PBXGroup;
			children = (
				225A85331B24C5D100A21249 /* Info.plist */,
			);
			name = "Supporting Files";
			sourceTree = "<group>";
		};
/* End PBXGroup section */

/* Begin PBXNativeTarget section */
		225A85141B24C5D100A21249 /* madLibs */ = {
			isa = PBXNativeTarget;
			buildConfigurationList = 225A85381B24C5D100A21249 /* Build configuration list for PBXNativeTarget "madLibs" */;
			buildPhases = (
				225A85111B24C5D100A21249 /* Sources */,
				225A85121B24C5D100A21249 /* Frameworks */,
				225A85131B24C5D100A21249 /* Resources */,
			);
			buildRules = (
			);
			dependencies = (
			);
			name = madLibs;
			productName = madLibs;
			productReference = 225A85151B24C5D100A21249 /* madLibs.app */;
			productType = "com.apple.product-type.application";
		};
		225A852D1B24C5D100A21249 /* madLibsTests */ = {
			isa = PBXNativeTarget;
			buildConfigurationList = 225A853B1B24C5D100A21249 /* Build configuration list for PBXNativeTarget "madLibsTests" */;
			buildPhases = (
				225A852A1B24C5D100A21249 /* Sources */,
				225A852B1B24C5D100A21249 /* Frameworks */,
				225A852C1B24C5D100A21249 /* Resources */,
			);
			buildRules = (
			);
			dependencies = (
				225A85301B24C5D100A21249 /* PBXTargetDependency */,
			);
			name = madLibsTests;
			productName = madLibsTests;
			productReference = 225A852E1B24C5D100A21249 /* madLibsTests.xctest */;
			productType = "com.apple.product-type.bundle.unit-test";
		};
/* End PBXNativeTarget section */

/* Begin PBXProject section */
		225A850D1B24C5D100A21249 /* Project object */ = {
			isa = PBXProject;
			attributes = {
				LastUpgradeCheck = 0630;
				ORGANIZATIONNAME = ddistant;
				TargetAttributes = {
					225A85141B24C5D100A21249 = {
						CreatedOnToolsVersion = 6.3.2;
					};
					225A852D1B24C5D100A21249 = {
						CreatedOnToolsVersion = 6.3.2;
						TestTargetID = 225A85141B24C5D100A21249;
					};
				};
			};
			buildConfigurationList = 225A85101B24C5D100A21249 /* Build configuration list for PBXProject "madLibs" */;
			compatibilityVersion = "Xcode 3.2";
			developmentRegion = English;
			hasScannedForEncodings = 0;
			knownRegions = (
				en,
				Base,
			);
			mainGroup = 225A850C1B24C5D100A21249;
			productRefGroup = 225A85161B24C5D100A21249 /* Products */;
			projectDirPath = "";
			projectRoot = "";
			targets = (
				225A85141B24C5D100A21249 /* madLibs */,
				225A852D1B24C5D100A21249 /* madLibsTests */,
			);
		};
/* End PBXProject section */

/* Begin PBXResourcesBuildPhase section */
		225A85131B24C5D100A21249 /* Resources */ = {
			isa = PBXResourcesBuildPhase;
			buildActionMask = 2147483647;
			files = (
				225A85241B24C5D100A21249 /* Main.storyboard in Resources */,
				225A85291B24C5D100A21249 /* LaunchScreen.xib in Resources */,
				225A85261B24C5D100A21249 /* Images.xcassets in Resources */,
			);
			runOnlyForDeploymentPostprocessing = 0;
		};
		225A852C1B24C5D100A21249 /* Resources */ = {
			isa = PBXResourcesBuildPhase;
			buildActionMask = 2147483647;
			files = (
			);
			runOnlyForDeploymentPostprocessing = 0;
		};
/* End PBXResourcesBuildPhase section */

/* Begin PBXSourcesBuildPhase section */
		225A85111B24C5D100A21249 /* Sources */ = {
			isa = PBXSourcesBuildPhase;
			buildActionMask = 2147483647;
			files = (
				225A85211B24C5D100A21249 /* ViewController.m in Sources */,
				225A851E1B24C5D100A21249 /* AppDelegate.m in Sources */,
				225A851B1B24C5D100A21249 /* main.m in Sources */,
			);
			runOnlyForDeploymentPostprocessing = 0;
		};
		225A852A1B24C5D100A21249 /* Sources */ = {
			isa = PBXSourcesBuildPhase;
			buildActionMask = 2147483647;
			files = (
				225A85351B24C5D100A21249 /* madLibsTests.m in Sources */,
			);
			runOnlyForDeploymentPostprocessing = 0;
		};
/* End PBXSourcesBuildPhase section */

/* Begin PBXTargetDependency section */
		225A85301B24C5D100A21249 /* PBXTargetDependency */ = {
			isa = PBXTargetDependency;
			target = 225A85141B24C5D100A21249 /* madLibs */;
			targetProxy = 225A852F1B24C5D100A21249 /* PBXContainerItemProxy */;
		};
/* End PBXTargetDependency section */

/* Begin PBXVariantGroup section */
		225A85221B24C5D100A21249 /* Main.storyboard */ = {
			isa = PBXVariantGroup;
			children = (
				225A85231B24C5D100A21249 /* Base */,
			);
			name = Main.storyboard;
			sourceTree = "<group>";
		};
		225A85271B24C5D100A21249 /* LaunchScreen.xib */ = {
			isa = PBXVariantGroup;
			children = (
				225A85281B24C5D100A21249 /* Base */,
			);
			name = LaunchScreen.xib;
			sourceTree = "<group>";
		};
/* End PBXVariantGroup section */

/* Begin XCBuildConfiguration section */
		225A85361B24C5D100A21249 /* Debug */ = {
			isa = XCBuildConfiguration;
			buildSettings = {
				ALWAYS_SEARCH_USER_PATHS = NO;
				CLANG_CXX_LANGUAGE_STANDARD = "gnu++0x";
				CLANG_CXX_LIBRARY = "libc++";
				CLANG_ENABLE_MODULES = YES;
				CLANG_ENABLE_OBJC_ARC = YES;
				CLANG_WARN_BOOL_CONVERSION = YES;
				CLANG_WARN_CONSTANT_CONVERSION = YES;
				CLANG_WARN_DIRECT_OBJC_ISA_USAGE = YES_ERROR;
				CLANG_WARN_EMPTY_BODY = YES;
				CLANG_WARN_ENUM_CONVERSION = YES;
				CLANG_WARN_INT_CONVERSION = YES;
				CLANG_WARN_OBJC_ROOT_CLASS = YES_ERROR;
				CLANG_WARN_UNREACHABLE_CODE = YES;
				CLANG_WARN__DUPLICATE_METHOD_MATCH = YES;
				"CODE_SIGN_IDENTITY[sdk=iphoneos*]" = "iPhone Developer";
				COPY_PHASE_STRIP = NO;
				DEBUG_INFORMATION_FORMAT = "dwarf-with-dsym";
				ENABLE_STRICT_OBJC_MSGSEND = YES;
				GCC_C_LANGUAGE_STANDARD = gnu99;
				GCC_DYNAMIC_NO_PIC = NO;
				GCC_NO_COMMON_BLOCKS = YES;
				GCC_OPTIMIZATION_LEVEL = 0;
				GCC_PREPROCESSOR_DEFINITIONS = (
					"DEBUG=1",
					"$(inherited)",
				);
				GCC_SYMBOLS_PRIVATE_EXTERN = NO;
				GCC_WARN_64_TO_32_BIT_CONVERSION = YES;
				GCC_WARN_ABOUT_RETURN_TYPE = YES_ERROR;
				GCC_WARN_UNDECLARED_SELECTOR = YES;
				GCC_WARN_UNINITIALIZED_AUTOS = YES_AGGRESSIVE;
				GCC_WARN_UNUSED_FUNCTION = YES;
				GCC_WARN_UNUSED_VARIABLE = YES;
				IPHONEOS_DEPLOYMENT_TARGET = 8.3;
				MTL_ENABLE_DEBUG_INFO = YES;
				ONLY_ACTIVE_ARCH = YES;
				SDKROOT = iphoneos;
			};
			name = Debug;
		};
		225A85371B24C5D100A21249 /* Release */ = {
			isa = XCBuildConfiguration;
			buildSettings = {
				ALWAYS_SEARCH_USER_PATHS = NO;
				CLANG_CXX_LANGUAGE_STANDARD = "gnu++0x";
				CLANG_CXX_LIBRARY = "libc++";
				CLANG_ENABLE_MODULES = YES;
				CLANG_ENABLE_OBJC_ARC = YES;
				CLANG_WARN_BOOL_CONVERSION = YES;
				CLANG_WARN_CONSTANT_CONVERSION = YES;
				CLANG_WARN_DIRECT_OBJC_ISA_USAGE = YES_ERROR;
				CLANG_WARN_EMPTY_BODY = YES;
				CLANG_WARN_ENUM_CONVERSION = YES;
				CLANG_WARN_INT_CONVERSION = YES;
				CLANG_WARN_OBJC_ROOT_CLASS = YES_ERROR;
				CLANG_WARN_UNREACHABLE_CODE = YES;
				CLANG_WARN__DUPLICATE_METHOD_MATCH = YES;
				"CODE_SIGN_IDENTITY[sdk=iphoneos*]" = "iPhone Developer";
				COPY_PHASE_STRIP = NO;
				DEBUG_INFORMATION_FORMAT = "dwarf-with-dsym";
				ENABLE_NS_ASSERTIONS = NO;
				ENABLE_STRICT_OBJC_MSGSEND = YES;
				GCC_C_LANGUAGE_STANDARD = gnu99;
				GCC_NO_COMMON_BLOCKS = YES;
				GCC_WARN_64_TO_32_BIT_CONVERSION = YES;
				GCC_WARN_ABOUT_RETURN_TYPE = YES_ERROR;
				GCC_WARN_UNDECLARED_SELECTOR = YES;
				GCC_WARN_UNINITIALIZED_AUTOS = YES_AGGRESSIVE;
				GCC_WARN_UNUSED_FUNCTION = YES;
				GCC_WARN_UNUSED_VARIABLE = YES;
				IPHONEOS_DEPLOYMENT_TARGET = 8.3;
				MTL_ENABLE_DEBUG_INFO = NO;
				SDKROOT = iphoneos;
				VALIDATE_PRODUCT = YES;
			};
			name = Release;
		};
		225A85391B24C5D100A21249 /* Debug */ = {
			isa = XCBuildConfiguration;
			buildSettings = {
				ASSETCATALOG_COMPILER_APPICON_NAME = AppIcon;
				INFOPLIST_FILE = madLibs/Info.plist;
				LD_RUNPATH_SEARCH_PATHS = "$(inherited) @executable_path/Frameworks";
				PRODUCT_NAME = "$(TARGET_NAME)";
			};
			name = Debug;
		};
		225A853A1B24C5D100A21249 /* Release */ = {
			isa = XCBuildConfiguration;
			buildSettings = {
				ASSETCATALOG_COMPILER_APPICON_NAME = AppIcon;
				INFOPLIST_FILE = madLibs/Info.plist;
				LD_RUNPATH_SEARCH_PATHS = "$(inherited) @executable_path/Frameworks";
				PRODUCT_NAME = "$(TARGET_NAME)";
			};
			name = Release;
		};
		225A853C1B24C5D100A21249 /* Debug */ = {
			isa = XCBuildConfiguration;
			buildSettings = {
				BUNDLE_LOADER = "$(TEST_HOST)";
				FRAMEWORK_SEARCH_PATHS = (
					"$(SDKROOT)/Developer/Library/Frameworks",
					"$(inherited)",
				);
				GCC_PREPROCESSOR_DEFINITIONS = (
					"DEBUG=1",
					"$(inherited)",
				);
				INFOPLIST_FILE = madLibsTests/Info.plist;
				LD_RUNPATH_SEARCH_PATHS = "$(inherited) @executable_path/Frameworks @loader_path/Frameworks";
				PRODUCT_NAME = "$(TARGET_NAME)";
				TEST_HOST = "$(BUILT_PRODUCTS_DIR)/madLibs.app/madLibs";
			};
			name = Debug;
		};
		225A853D1B24C5D100A21249 /* Release */ = {
			isa = XCBuildConfiguration;
			buildSettings = {
				BUNDLE_LOADER = "$(TEST_HOST)";
				FRAMEWORK_SEARCH_PATHS = (
					"$(SDKROOT)/Developer/Library/Frameworks",
					"$(inherited)",
				);
				INFOPLIST_FILE = madLibsTests/Info.plist;
				LD_RUNPATH_SEARCH_PATHS = "$(inherited) @executable_path/Frameworks @loader_path/Frameworks";
				PRODUCT_NAME = "$(TARGET_NAME)";
				TEST_HOST = "$(BUILT_PRODUCTS_DIR)/madLibs.app/madLibs";
			};
			name = Release;
		};
/* End XCBuildConfiguration section */

/* Begin XCConfigurationList section */
		225A85101B24C5D100A21249 /* Build configuration list for PBXProject "madLibs" */ = {
			isa = XCConfigurationList;
			buildConfigurations = (
				225A85361B24C5D100A21249 /* Debug */,
				225A85371B24C5D100A21249 /* Release */,
			);
			defaultConfigurationIsVisible = 0;
			defaultConfigurationName = Release;
		};
		225A85381B24C5D100A21249 /* Build configuration list for PBXNativeTarget "madLibs" */ = {
			isa = XCConfigurationList;
			buildConfigurations = (
				225A85391B24C5D100A21249 /* Debug */,
				225A853A1B24C5D100A21249 /* Release */,
			);
			defaultConfigurationIsVisible = 0;
		};
		225A853B1B24C5D100A21249 /* Build configuration list for PBXNativeTarget "madLibsTests" */ = {
			isa = XCConfigurationList;
			buildConfigurations = (
				225A853C1B24C5D100A21249 /* Debug */,
				225A853D1B24C5D100A21249 /* Release */,
			);
			defaultConfigurationIsVisible = 0;
		};
/* End XCConfigurationList section */
	};
	rootObject = 225A850D1B24C5D100A21249 /* Project object */;
}
